// !$*UTF8*$!
{
	archiveVersion = 1;
	classes = {
	};
	objectVersion = 56;
	objects = {

/* Begin PBXBuildFile section */
		A1000001 /* IPTVPlayerApp.swift in Sources */ = {isa = PBXBuildFile; fileRef = A2000001 /* IPTVPlayerApp.swift */; };
		A1000002 /* ContentView.swift in Sources */ = {isa = PBXBuildFile; fileRef = A2000002 /* ContentView.swift */; };
		A1000003 /* IPTVViewModel.swift in Sources */ = {isa = PBXBuildFile; fileRef = A2000003 /* IPTVViewModel.swift */; };
		A1000004 /* Channel.swift in Sources */ = {isa = PBXBuildFile; fileRef = A2000004 /* Channel.swift */; };
		A1000005 /* M3UParser.swift in Sources */ = {isa = PBXBuildFile; fileRef = A2000005 /* M3UParser.swift */; };
		A1000006 /* PlayerService.swift in Sources */ = {isa = PBXBuildFile; fileRef = A2000006 /* PlayerService.swift */; };
		A1000007 /* Assets.xcassets in Resources */ = {isa = PBXBuildFile; fileRef = A2000007 /* Assets.xcassets */; };
		A1000008 /* PlaylistHistoryEntry.swift in Sources */ = {isa = PBXBuildFile; fileRef = A2000009 /* PlaylistHistoryEntry.swift */; };
/* End PBXBuildFile section */

/* Begin PBXFileReference section */
		A0000001 /* IPTV Player.app */ = {isa = PBXFileReference; explicitFileType = wrapper.application; includeInIndex = 0; path = "IPTV Player.app"; sourceTree = BUILT_PRODUCTS_DIR; };
		A2000001 /* IPTVPlayerApp.swift */ = {isa = PBXFileReference; lastKnownFileType = sourcecode.swift; path = IPTVPlayerApp.swift; sourceTree = "<group>"; };
		A2000002 /* ContentView.swift */ = {isa = PBXFileReference; lastKnownFileType = sourcecode.swift; path = ContentView.swift; sourceTree = "<group>"; };
		A2000003 /* IPTVViewModel.swift */ = {isa = PBXFileReference; lastKnownFileType = sourcecode.swift; path = IPTVViewModel.swift; sourceTree = "<group>"; };
		A2000004 /* Channel.swift */ = {isa = PBXFileReference; lastKnownFileType = sourcecode.swift; path = Channel.swift; sourceTree = "<group>"; };
		A2000005 /* M3UParser.swift */ = {isa = PBXFileReference; lastKnownFileType = sourcecode.swift; path = M3UParser.swift; sourceTree = "<group>"; };
		A2000006 /* PlayerService.swift */ = {isa = PBXFileReference; lastKnownFileType = sourcecode.swift; path = PlayerService.swift; sourceTree = "<group>"; };
		A2000007 /* Assets.xcassets */ = {isa = PBXFileReference; lastKnownFileType = folder.assetcatalog; path = Assets.xcassets; sourceTree = "<group>"; };
		A2000009 /* PlaylistHistoryEntry.swift */ = {isa = PBXFileReference; lastKnownFileType = sourcecode.swift; path = PlaylistHistoryEntry.swift; sourceTree = "<group>"; };
/* End PBXFileReference section */

/* Begin PBXFrameworksBuildPhase section */
		A3000001 /* Frameworks */ = {
			isa = PBXFrameworksBuildPhase;
			buildActionMask = 2147483647;
			files = (
			);
			runOnlyForDeploymentPostprocessing = 0;
		};
/* End PBXFrameworksBuildPhase section */

/* Begin PBXGroup section */
		A4000001 = {
			isa = PBXGroup;
			children = (
				A4000002 /* IPTV Player */,
				A4000003 /* Products */,
			);
			sourceTree = "<group>";
		};
		A4000002 /* IPTV Player */ = {
			isa = PBXGroup;
			children = (
				A2000001 /* IPTVPlayerApp.swift */,
				A2000002 /* ContentView.swift */,
				A2000003 /* IPTVViewModel.swift */,
				A4000004 /* Models */,
				A4000005 /* Services */,
				A2000007 /* Assets.xcassets */,
				A2000008 /* Info.plist */,
			);
			path = "IPTV Player";
			sourceTree = "<group>";
		};
		A4000003 /* Products */ = {
			isa = PBXGroup;
			children = (
				A0000001 /* IPTV Player.app */,
			);
			name = Products;
			sourceTree = "<group>";
		};
		A4000004 /* Models */ = {
			isa = PBXGroup;
			children = (
				A2000004 /* Channel.swift */,
				A2000009 /* PlaylistHistoryEntry.swift */,
			);
			path = Models;
			sourceTree = "<group>";
		};
		A4000005 /* Services */ = {
			isa = PBXGroup;
			children = (
				A2000005 /* M3UParser.swift */,
				A2000006 /* PlayerService.swift */,
			);
			path = Services;
			sourceTree = "<group>";
		};
		A2000008 /* Info.plist */ = {isa = PBXFileReference; lastKnownFileType = text.plist.xml; path = Info.plist; sourceTree = "<group>"; };
/* End PBXGroup section */

/* Begin PBXNativeTarget section */
		A5000001 /* IPTV Player */ = {
			isa = PBXNativeTarget;
			buildConfigurationList = A6000003 /* Build configuration list for PBXNativeTarget "IPTV Player" */;
			buildPhases = (
				A5000002 /* Sources */,
				A3000001 /* Frameworks */,
				A5000003 /* Resources */,
			);
			buildRules = (
			);
			dependencies = (
			);
			name = "IPTV Player";
			productName = "IPTV Player";
			productReference = A0000001 /* IPTV Player.app */;
			productType = "com.apple.product-type.application";
		};
/* End PBXNativeTarget section */

/* Begin PBXProject section */
		A7000001 /* Project object */ = {
			isa = PBXProject;
			attributes = {
				BuildIndependentTargetsInParallel = 1;
				LastSwiftUpdateCheck = 1500;
				LastUpgradeCheck = 1500;
			};
			buildConfigurationList = A6000001 /* Build configuration list for PBXProject "IPTV Player" */;
			compatibilityVersion = "Xcode 14.0";
			developmentRegion = en;
			hasScannedForEncodings = 0;
			knownRegions = (
				en,
				Base,
			);
			mainGroup = A4000001;
			productRefGroup = A4000003 /* Products */;
			projectDirPath = "";
			projectRoot = "";
			targets = (
				A5000001 /* IPTV Player */,
			);
		};
/* End PBXProject section */

/* Begin PBXResourcesBuildPhase section */
		A5000003 /* Resources */ = {
			isa = PBXResourcesBuildPhase;
			buildActionMask = 2147483647;
			files = (
				A1000007 /* Assets.xcassets in Resources */,
			);
			runOnlyForDeploymentPostprocessing = 0;
		};
/* End PBXResourcesBuildPhase section */

/* Begin PBXSourcesBuildPhase section */
		A5000002 /* Sources */ = {
			isa = PBXSourcesBuildPhase;
			buildActionMask = 2147483647;
			files = (
				A1000001 /* IPTVPlayerApp.swift in Sources */,
				A1000002 /* ContentView.swift in Sources */,
				A1000003 /* IPTVViewModel.swift in Sources */,
				A1000004 /* Channel.swift in Sources */,
				A1000005 /* M3UParser.swift in Sources */,
				A1000006 /* PlayerService.swift in Sources */,
				A1000008 /* PlaylistHistoryEntry.swift in Sources */,
			);
			runOnlyForDeploymentPostprocessing = 0;
		};
/* End PBXSourcesBuildPhase section */

/* Begin XCBuildConfiguration section */
		A6000002 /* Debug */ = {
			isa = XCBuildConfiguration;
			buildSettings = {
				ALWAYS_SEARCH_USER_PATHS = NO;
				ASSETCATALOG_COMPILER_GENERATE_SWIFT_ASSET_SYMBOL_EXTENSIONS = YES;
				CLANG_ANALYZER_NONNULL = YES;
				CLANG_CXX_LANGUAGE_STANDARD = "gnu++20";
				COPY_PHASE_STRIP = NO;
				DEBUG_INFORMATION_FORMAT = dwarf;
				ENABLE_STRICT_OBJC_MSGSEND = YES;
				ENABLE_TESTABILITY = YES;
				GCC_C_LANGUAGE_STANDARD = gnu17;
				GCC_DYNAMIC_NO_PIC = NO;
				GCC_OPTIMIZATION_LEVEL = 0;
				GCC_PREPROCESSOR_DEFINITIONS = (
					"DEBUG=1",
					"$(inherited)",
				);
				LOCALIZATION_PREFERS_STRING_CATALOGS = YES;
				MACOSX_DEPLOYMENT_TARGET = 13.0;
				MTL_ENABLE_DEBUG_INFO = INCLUDE_SOURCE;
				MTL_FAST_MATH = YES;
				ONLY_ACTIVE_ARCH = YES;
				SWIFT_ACTIVE_COMPILATION_CONDITIONS = "DEBUG $(inherited)";
				SWIFT_OPTIMIZATION_LEVEL = "-Onone";
			};
			name = Debug;
		};
		A6000004 /* Release */ = {
			isa = XCBuildConfiguration;
			buildSettings = {
				ALWAYS_SEARCH_USER_PATHS = NO;
				ASSETCATALOG_COMPILER_GENERATE_SWIFT_ASSET_SYMBOL_EXTENSIONS = YES;
				CLANG_ANALYZER_NONNULL = YES;
				CLANG_CXX_LANGUAGE_STANDARD = "gnu++20";
				COPY_PHASE_STRIP = NO;
				DEBUG_INFORMATION_FORMAT = "dwarf-with-dsym";
				ENABLE_NS_ASSERTIONS = NO;
				ENABLE_STRICT_OBJC_MSGSEND = YES;
				GCC_C_LANGUAGE_STANDARD = gnu17;
				LOCALIZATION_PREFERS_STRING_CATALOGS = YES;
				MACOSX_DEPLOYMENT_TARGET = 13.0;
				MTL_ENABLE_DEBUG_INFO = NO;
				MTL_FAST_MATH = YES;
				SWIFT_COMPILATION_MODE = wholemodule;
			};
			name = Release;
		};
		A6000005 /* Debug */ = {
			isa = XCBuildConfiguration;
			buildSettings = {
				ASSETCATALOG_COMPILER_APPICON_NAME = AppIcon;
				ASSETCATALOG_COMPILER_GLOBAL_ACCENT_COLOR_NAME = AccentColor;
				CODE_SIGN_ENTITLEMENTS = "";
				CODE_SIGN_STYLE = Automatic;
				COMBINE_HIDPI_IMAGES = YES;
				CURRENT_PROJECT_VERSION = 1;
				DEVELOPMENT_ASSET_PATHS = "";
				ENABLE_PREVIEWS = YES;
				GENERATE_INFOPLIST_FILE = YES;
				INFOPLIST_FILE = "IPTV Player/Info.plist";
				INFOPLIST_KEY_NSHumanReadableCopyright = "";
				LD_RUNPATH_SEARCH_PATHS = (
					"$(inherited)",
					"@executable_path/../Frameworks",
				);
				MARKETING_VERSION = 1.0;
				PRODUCT_BUNDLE_IDENTIFIER = com.iptvplayer.app;
				PRODUCT_NAME = "IPTV Player";
				SWIFT_EMIT_LOC_STRINGS = YES;
				SWIFT_VERSION = 5.0;
			};
			name = Debug;
		};
		A6000006 /* Release */ = {
			isa = XCBuildConfiguration;
			buildSettings = {
				ASSETCATALOG_COMPILER_APPICON_NAME = AppIcon;
				ASSETCATALOG_COMPILER_GLOBAL_ACCENT_COLOR_NAME = AccentColor;
				CODE_SIGN_ENTITLEMENTS = "";
				CODE_SIGN_STYLE = Automatic;
				COMBINE_HIDPI_IMAGES = YES;
				CURRENT_PROJECT_VERSION = 1;
				DEVELOPMENT_ASSET_PATHS = "";
				ENABLE_PREVIEWS = YES;
				GENERATE_INFOPLIST_FILE = YES;
				INFOPLIST_FILE = "IPTV Player/Info.plist";
				INFOPLIST_KEY_NSHumanReadableCopyright = "";
				LD_RUNPATH_SEARCH_PATHS = (
					"$(inherited)",
					"@executable_path/../Frameworks",
				);
				MARKETING_VERSION = 1.0;
				PRODUCT_BUNDLE_IDENTIFIER = com.iptvplayer.app;
				PRODUCT_NAME = "IPTV Player";
				SWIFT_EMIT_LOC_STRINGS = YES;
				SWIFT_VERSION = 5.0;
			};
			name = Release;
		};
/* End XCBuildConfiguration section */

/* Begin XCConfigurationList section */
		A6000001 /* Build configuration list for PBXProject "IPTV Player" */ = {
			isa = XCConfigurationList;
			buildConfigurations = (
				A6000002 /* Debug */,
				A6000004 /* Release */,
			);
			defaultConfigurationIsVisible = 0;
			defaultConfigurationName = Release;
		};
		A6000003 /* Build configuration list for PBXNativeTarget "IPTV Player" */ = {
			isa = XCConfigurationList;
			buildConfigurations = (
				A6000005 /* Debug */,
				A6000006 /* Release */,
			);
			defaultConfigurationIsVisible = 0;
			defaultConfigurationName = Release;
		};
/* End XCConfigurationList section */
	};
	rootObject = A7000001 /* Project object */;
}
